github.com/brianvoe/gofakeit v3.18.0+incompatible h1:wDOmHc9DLG4nRjUVVaxA+CEglKOW72Y5+4WNxUIkjM8=
github.com/brianvoe/gofakeit v3.18.0+incompatible/go.mod h1:kfwdRA90vvNhPutZWfH7WPaDzUjz+CZFqG+rPkOjGOc=
github.com/mattn/go-sqlite3 v1.14.18 h1:JL0eqdCOq6DJVNPSvArO/bIV9/P7fbGrV00LZHc+5aI=
github.com/mattn/go-sqlite3 v1.14.18/go.mod h1:2eHXhiwb8IkHr+BDWZGa96P6+rkvnG63S2DGjv9HUNg=
